
Microsoft Visual Studio Solution File, Format Version 11.00
# Visual Studio 2010
Project("{FAE04EC0-301F-11D3-BF4B-00C04F79EFBC}") = "FlyweightSample", "FlyweightSample\FlyweightSample.csproj", "{873B51FC-74A0-4085-ADC6-4797363B6B14}"
EndProject
Global
	GlobalSection(SolutionConfigurationPlatforms) = preSolution
		Debug|x86 = Debug|x86
		Release|x86 = Release|x86
	EndGlobalSection
	GlobalSection(ProjectConfigurationPlatforms) = postSolution
		{873B51FC-74A0-4085-ADC6-4797363B6B14}.Debug|x86.ActiveCfg = Debug|x86
		{873B51FC-74A0-4085-ADC6-4797363B6B14}.Debug|x86.Build.0 = Debug|x86
		{873B51FC-74A0-4085-ADC6-4797363B6B14}.Release|x86.ActiveCfg = Release|x86
		{873B51FC-74A0-4085-ADC6-4797363B6B14}.Release|x86.Build.0 = Release|x86
	EndGlobalSection
	GlobalSection(SolutionProperties) = preSolution
		HideSolutionNode = FALSE
	EndGlobalSection
EndGlobal
