
Microsoft Visual Studio Solution File, Format Version 11.00
# Visual Studio 2010
Project("{FAE04EC0-301F-11D3-BF4B-00C04F79EFBC}") = "PrototypeSample", "PrototypeSample\PrototypeSample.csproj", "{EB7F40E1-1B9F-4C91-B6C3-CE9969781EAC}"
EndProject
Global
	GlobalSection(SolutionConfigurationPlatforms) = preSolution
		Debug|x86 = Debug|x86
		Release|x86 = Release|x86
	EndGlobalSection
	GlobalSection(ProjectConfigurationPlatforms) = postSolution
		{EB7F40E1-1B9F-4C91-B6C3-CE9969781EAC}.Debug|x86.ActiveCfg = Debug|x86
		{EB7F40E1-1B9F-4C91-B6C3-CE9969781EAC}.Debug|x86.Build.0 = Debug|x86
		{EB7F40E1-1B9F-4C91-B6C3-CE9969781EAC}.Release|x86.ActiveCfg = Release|x86
		{EB7F40E1-1B9F-4C91-B6C3-CE9969781EAC}.Release|x86.Build.0 = Release|x86
	EndGlobalSection
	GlobalSection(SolutionProperties) = preSolution
		HideSolutionNode = FALSE
	EndGlobalSection
EndGlobal
